PODS:
  - Djinni (4.4.1):
    - Djinni/objc (= 4.4.1)
  - Djinni/objc (4.4.1)
  - OpenCV2 (4.3.0)
  - ReadDiceKey (0.1.0):
    - Djinni (~> 4.4.1)
    - OpenCV2 (~> 4.3.0)

DEPENDENCIES:
  - ReadDiceKey (from `../`)

SPEC REPOS:
  trunk:
    - Djinni
    - OpenCV2

EXTERNAL SOURCES:
  ReadDiceKey:
    :path: "../"

SPEC CHECKSUMS:
  Djinni: de170220fcf453440e0fa7c71582040aa095591d
  OpenCV2: ffe82e5cb5d16dc3fc01a5f4127b9a5b3cfc7d1b
  ReadDiceKey: faad8219217af5f1c1884505317795ca10440b17

PODFILE CHECKSUM: ab1797614698ac35697db32c78ea345300dace68

COCOAPODS: 1.10.0
